
Microsoft Visual Studio Solution File, Format Version 12.00
# Visual Studio Version 17
VisualStudioVersion = 17.4.33103.184
MinimumVisualStudioVersion = 10.0.40219.1
Project("{FAE04EC0-301F-11D3-BF4B-00C04F79EFBC}") = "Week Attempt", "Week Attempt\Week Attempt.csproj", "{C00A517D-CC1F-4267-AB09-C9EACD1AAC89}"
EndProject
Global
	GlobalSection(SolutionConfigurationPlatforms) = preSolution
		Debug|Any CPU = Debug|Any CPU
		Release|Any CPU = Release|Any CPU
	EndGlobalSection
	GlobalSection(ProjectConfigurationPlatforms) = postSolution
		{C00A517D-CC1F-4267-AB09-C9EACD1AAC89}.Debug|Any CPU.ActiveCfg = Debug|Any CPU
		{C00A517D-CC1F-4267-AB09-C9EACD1AAC89}.Debug|Any CPU.Build.0 = Debug|Any CPU
		{C00A517D-CC1F-4267-AB09-C9EACD1AAC89}.Release|Any CPU.ActiveCfg = Release|Any CPU
		{C00A517D-CC1F-4267-AB09-C9EACD1AAC89}.Release|Any CPU.Build.0 = Release|Any CPU
	EndGlobalSection
	GlobalSection(SolutionProperties) = preSolution
		HideSolutionNode = FALSE
	EndGlobalSection
	GlobalSection(ExtensibilityGlobals) = postSolution
		SolutionGuid = {20BB1B61-35D3-4D2A-A5B4-B9634BD3A2D8}
	EndGlobalSection
EndGlobal
